
Microsoft Visual Studio Solution File, Format Version 12.00
# Visual Studio 15
VisualStudioVersion = 15.0.27130.2020
MinimumVisualStudioVersion = 10.0.40219.1
Project("{FAE04EC0-301F-11D3-BF4B-00C04F79EFBC}") = "KinectHTTPProxy", "KinectHTTPProxy\KinectHTTPProxy.csproj", "{48F7E1FE-DA54-4BE6-80E8-388D4D0450E1}"
EndProject
Project("{FAE04EC0-301F-11D3-BF4B-00C04F79EFBC}") = "KinectFaceTracker", "KinectFaceTracker\KinectFaceTracker.csproj", "{5E2CF0DD-DBAD-43A0-BED3-81B02628E867}"
EndProject
Global
	GlobalSection(SolutionConfigurationPlatforms) = preSolution
		Debug|Any CPU = Debug|Any CPU
		Debug|x64 = Debug|x64
		Release|Any CPU = Release|Any CPU
		Release|x64 = Release|x64
	EndGlobalSection
	GlobalSection(ProjectConfigurationPlatforms) = postSolution
		{48F7E1FE-DA54-4BE6-80E8-388D4D0450E1}.Debug|Any CPU.ActiveCfg = Debug|Any CPU
		{48F7E1FE-DA54-4BE6-80E8-388D4D0450E1}.Debug|Any CPU.Build.0 = Debug|Any CPU
		{48F7E1FE-DA54-4BE6-80E8-388D4D0450E1}.Debug|x64.ActiveCfg = Debug|x64
		{48F7E1FE-DA54-4BE6-80E8-388D4D0450E1}.Debug|x64.Build.0 = Debug|x64
		{48F7E1FE-DA54-4BE6-80E8-388D4D0450E1}.Release|Any CPU.ActiveCfg = Release|Any CPU
		{48F7E1FE-DA54-4BE6-80E8-388D4D0450E1}.Release|Any CPU.Build.0 = Release|Any CPU
		{48F7E1FE-DA54-4BE6-80E8-388D4D0450E1}.Release|x64.ActiveCfg = Release|x64
		{48F7E1FE-DA54-4BE6-80E8-388D4D0450E1}.Release|x64.Build.0 = Release|x64
		{5E2CF0DD-DBAD-43A0-BED3-81B02628E867}.Debug|Any CPU.ActiveCfg = Debug|Any CPU
		{5E2CF0DD-DBAD-43A0-BED3-81B02628E867}.Debug|Any CPU.Build.0 = Debug|Any CPU
		{5E2CF0DD-DBAD-43A0-BED3-81B02628E867}.Debug|x64.ActiveCfg = Debug|x64
		{5E2CF0DD-DBAD-43A0-BED3-81B02628E867}.Debug|x64.Build.0 = Debug|x64
		{5E2CF0DD-DBAD-43A0-BED3-81B02628E867}.Release|Any CPU.ActiveCfg = Release|Any CPU
		{5E2CF0DD-DBAD-43A0-BED3-81B02628E867}.Release|Any CPU.Build.0 = Release|Any CPU
		{5E2CF0DD-DBAD-43A0-BED3-81B02628E867}.Release|x64.ActiveCfg = Release|x64
		{5E2CF0DD-DBAD-43A0-BED3-81B02628E867}.Release|x64.Build.0 = Release|x64
	EndGlobalSection
	GlobalSection(SolutionProperties) = preSolution
		HideSolutionNode = FALSE
	EndGlobalSection
	GlobalSection(ExtensibilityGlobals) = postSolution
		SolutionGuid = {E4F108F0-8741-4B91-A8ED-65943E8AB3EE}
	EndGlobalSection
EndGlobal
